
Microsoft Visual Studio Solution File, Format Version 12.00
# Visual Studio 15
VisualStudioVersion = 15.0.26124.0
MinimumVisualStudioVersion = 15.0.26124.0
Project("{2150E333-8FDC-42A3-9474-1A3956D46DE8}") = "LibHokchew.Shared", "LibHokchew.Shared", "{B6943728-A2D9-4F86-939B-5E4745033A47}"
EndProject
Project("{FAE04EC0-301F-11D3-BF4B-00C04F79EFBC}") = "LibHokchew.Shared", "LibHokchew.Shared\src\LibHokchew.Shared.csproj", "{512A2E5B-3ED0-4227-A185-D7C1812D1348}"
EndProject
Project("{FAE04EC0-301F-11D3-BF4B-00C04F79EFBC}") = "LibHokchew.Shared.Tests", "LibHokchew.Shared\test\LibHokchew.Shared.Tests.csproj", "{F006CB20-B8CC-47CC-8BE3-FA709E7D9DCD}"
EndProject
Global
	GlobalSection(SolutionConfigurationPlatforms) = preSolution
		Debug|Any CPU = Debug|Any CPU
		Debug|x64 = Debug|x64
		Debug|x86 = Debug|x86
		Release|Any CPU = Release|Any CPU
		Release|x64 = Release|x64
		Release|x86 = Release|x86
	EndGlobalSection
	GlobalSection(SolutionProperties) = preSolution
		HideSolutionNode = FALSE
	EndGlobalSection
	GlobalSection(ProjectConfigurationPlatforms) = postSolution
		{512A2E5B-3ED0-4227-A185-D7C1812D1348}.Debug|Any CPU.ActiveCfg = Debug|Any CPU
		{512A2E5B-3ED0-4227-A185-D7C1812D1348}.Debug|Any CPU.Build.0 = Debug|Any CPU
		{512A2E5B-3ED0-4227-A185-D7C1812D1348}.Debug|x64.ActiveCfg = Debug|Any CPU
		{512A2E5B-3ED0-4227-A185-D7C1812D1348}.Debug|x64.Build.0 = Debug|Any CPU
		{512A2E5B-3ED0-4227-A185-D7C1812D1348}.Debug|x86.ActiveCfg = Debug|Any CPU
		{512A2E5B-3ED0-4227-A185-D7C1812D1348}.Debug|x86.Build.0 = Debug|Any CPU
		{512A2E5B-3ED0-4227-A185-D7C1812D1348}.Release|Any CPU.ActiveCfg = Release|Any CPU
		{512A2E5B-3ED0-4227-A185-D7C1812D1348}.Release|Any CPU.Build.0 = Release|Any CPU
		{512A2E5B-3ED0-4227-A185-D7C1812D1348}.Release|x64.ActiveCfg = Release|Any CPU
		{512A2E5B-3ED0-4227-A185-D7C1812D1348}.Release|x64.Build.0 = Release|Any CPU
		{512A2E5B-3ED0-4227-A185-D7C1812D1348}.Release|x86.ActiveCfg = Release|Any CPU
		{512A2E5B-3ED0-4227-A185-D7C1812D1348}.Release|x86.Build.0 = Release|Any CPU
		{F006CB20-B8CC-47CC-8BE3-FA709E7D9DCD}.Debug|Any CPU.ActiveCfg = Debug|Any CPU
		{F006CB20-B8CC-47CC-8BE3-FA709E7D9DCD}.Debug|Any CPU.Build.0 = Debug|Any CPU
		{F006CB20-B8CC-47CC-8BE3-FA709E7D9DCD}.Debug|x64.ActiveCfg = Debug|Any CPU
		{F006CB20-B8CC-47CC-8BE3-FA709E7D9DCD}.Debug|x64.Build.0 = Debug|Any CPU
		{F006CB20-B8CC-47CC-8BE3-FA709E7D9DCD}.Debug|x86.ActiveCfg = Debug|Any CPU
		{F006CB20-B8CC-47CC-8BE3-FA709E7D9DCD}.Debug|x86.Build.0 = Debug|Any CPU
		{F006CB20-B8CC-47CC-8BE3-FA709E7D9DCD}.Release|Any CPU.ActiveCfg = Release|Any CPU
		{F006CB20-B8CC-47CC-8BE3-FA709E7D9DCD}.Release|Any CPU.Build.0 = Release|Any CPU
		{F006CB20-B8CC-47CC-8BE3-FA709E7D9DCD}.Release|x64.ActiveCfg = Release|Any CPU
		{F006CB20-B8CC-47CC-8BE3-FA709E7D9DCD}.Release|x64.Build.0 = Release|Any CPU
		{F006CB20-B8CC-47CC-8BE3-FA709E7D9DCD}.Release|x86.ActiveCfg = Release|Any CPU
		{F006CB20-B8CC-47CC-8BE3-FA709E7D9DCD}.Release|x86.Build.0 = Release|Any CPU
	EndGlobalSection
	GlobalSection(NestedProjects) = preSolution
		{512A2E5B-3ED0-4227-A185-D7C1812D1348} = {B6943728-A2D9-4F86-939B-5E4745033A47}
		{F006CB20-B8CC-47CC-8BE3-FA709E7D9DCD} = {B6943728-A2D9-4F86-939B-5E4745033A47}
	EndGlobalSection
EndGlobal
